// !$*UTF8*$!
{
	archiveVersion = 1;
	classes = {
	};
	objectVersion = 50;
	objects = {

/* Begin PBXBuildFile section */
		99DE7DEF244C61B700CB7A2E /* AppDelegate.swift in Sources */ = {isa = PBXBuildFile; fileRef = 99DE7DEE244C61B700CB7A2E /* AppDelegate.swift */; };
		99DE7DF1244C61B700CB7A2E /* SceneDelegate.swift in Sources */ = {isa = PBXBuildFile; fileRef = 99DE7DF0244C61B700CB7A2E /* SceneDelegate.swift */; };
		99DE7DF3244C61B700CB7A2E /* ViewController.swift in Sources */ = {isa = PBXBuildFile; fileRef = 99DE7DF2244C61B700CB7A2E /* ViewController.swift */; };
		99DE7DF6244C61B700CB7A2E /* Main.storyboard in Resources */ = {isa = PBXBuildFile; fileRef = 99DE7DF4244C61B700CB7A2E /* Main.storyboard */; };
		99DE7DF8244C61B900CB7A2E /* Assets.xcassets in Resources */ = {isa = PBXBuildFile; fileRef = 99DE7DF7244C61B900CB7A2E /* Assets.xcassets */; };
		99DE7DFB244C61B900CB7A2E /* LaunchScreen.storyboard in Resources */ = {isa = PBXBuildFile; fileRef = 99DE7DF9244C61B900CB7A2E /* LaunchScreen.storyboard */; };
		99DE7E06244C61B900CB7A2E /* Peem_CalculatorTests.swift in Sources */ = {isa = PBXBuildFile; fileRef = 99DE7E05244C61B900CB7A2E /* Peem_CalculatorTests.swift */; };
/* End PBXBuildFile section */

/* Begin PBXContainerItemProxy section */
		99DE7E02244C61B900CB7A2E /* PBXContainerItemProxy */ = {
			isa = PBXContainerItemProxy;
			containerPortal = 99DE7DE3244C61B700CB7A2E /* Project object */;
			proxyType = 1;
			remoteGlobalIDString = 99DE7DEA244C61B700CB7A2E;
			remoteInfo = "Peem Calculator";
		};
/* End PBXContainerItemProxy section */

/* Begin PBXFileReference section */
		99DE7DEB244C61B700CB7A2E /* Peem Calculator.app */ = {isa = PBXFileReference; explicitFileType = wrapper.application; includeInIndex = 0; path = "Peem Calculator.app"; sourceTree = BUILT_PRODUCTS_DIR; };
		99DE7DEE244C61B700CB7A2E /* AppDelegate.swift */ = {isa = PBXFileReference; lastKnownFileType = sourcecode.swift; path = AppDelegate.swift; sourceTree = "<group>"; };
		99DE7DF0244C61B700CB7A2E /* SceneDelegate.swift */ = {isa = PBXFileReference; lastKnownFileType = sourcecode.swift; path = SceneDelegate.swift; sourceTree = "<group>"; };
		99DE7DF2244C61B700CB7A2E /* ViewController.swift */ = {isa = PBXFileReference; lastKnownFileType = sourcecode.swift; path = ViewController.swift; sourceTree = "<group>"; };
		99DE7DF5244C61B700CB7A2E /* Base */ = {isa = PBXFileReference; lastKnownFileType = file.storyboard; name = Base; path = Base.lproj/Main.storyboard; sourceTree = "<group>"; };
		99DE7DF7244C61B900CB7A2E /* Assets.xcassets */ = {isa = PBXFileReference; lastKnownFileType = folder.assetcatalog; path = Assets.xcassets; sourceTree = "<group>"; };
		99DE7DFA244C61B900CB7A2E /* Base */ = {isa = PBXFileReference; lastKnownFileType = file.storyboard; name = Base; path = Base.lproj/LaunchScreen.storyboard; sourceTree = "<group>"; };
		99DE7DFC244C61B900CB7A2E /* Info.plist */ = {isa = PBXFileReference; lastKnownFileType = text.plist.xml; path = Info.plist; sourceTree = "<group>"; };
		99DE7E01244C61B900CB7A2E /* Peem CalculatorTests.xctest */ = {isa = PBXFileReference; explicitFileType = wrapper.cfbundle; includeInIndex = 0; path = "Peem CalculatorTests.xctest"; sourceTree = BUILT_PRODUCTS_DIR; };
		99DE7E05244C61B900CB7A2E /* Peem_CalculatorTests.swift */ = {isa = PBXFileReference; lastKnownFileType = sourcecode.swift; path = Peem_CalculatorTests.swift; sourceTree = "<group>"; };
		99DE7E07244C61B900CB7A2E /* Info.plist */ = {isa = PBXFileReference; lastKnownFileType = text.plist.xml; path = Info.plist; sourceTree = "<group>"; };
/* End PBXFileReference section */

/* Begin PBXFrameworksBuildPhase section */
		99DE7DE8244C61B700CB7A2E /* Frameworks */ = {
			isa = PBXFrameworksBuildPhase;
			buildActionMask = 2147483647;
			files = (
			);
			runOnlyForDeploymentPostprocessing = 0;
		};
		99DE7DFE244C61B900CB7A2E /* Frameworks */ = {
			isa = PBXFrameworksBuildPhase;
			buildActionMask = 2147483647;
			files = (
			);
			runOnlyForDeploymentPostprocessing = 0;
		};
/* End PBXFrameworksBuildPhase section */

/* Begin PBXGroup section */
		99DE7DE2244C61B700CB7A2E = {
			isa = PBXGroup;
			children = (
				99DE7DED244C61B700CB7A2E /* Peem Calculator */,
				99DE7E04244C61B900CB7A2E /* Peem CalculatorTests */,
				99DE7DEC244C61B700CB7A2E /* Products */,
			);
			sourceTree = "<group>";
		};
		99DE7DEC244C61B700CB7A2E /* Products */ = {
			isa = PBXGroup;
			children = (
				99DE7DEB244C61B700CB7A2E /* Peem Calculator.app */,
				99DE7E01244C61B900CB7A2E /* Peem CalculatorTests.xctest */,
			);
			name = Products;
			sourceTree = "<group>";
		};
		99DE7DED244C61B700CB7A2E /* Peem Calculator */ = {
			isa = PBXGroup;
			children = (
				99DE7E10244C61BE00CB7A2E /* New Group */,
				99DE7DEE244C61B700CB7A2E /* AppDelegate.swift */,
				99DE7DF0244C61B700CB7A2E /* SceneDelegate.swift */,
				99DE7DF2244C61B700CB7A2E /* ViewController.swift */,
				99DE7DF7244C61B900CB7A2E /* Assets.xcassets */,
				99DE7DF9244C61B900CB7A2E /* LaunchScreen.storyboard */,
				99DE7DFC244C61B900CB7A2E /* Info.plist */,
			);
			path = "Peem Calculator";
			sourceTree = "<group>";
		};
		99DE7E04244C61B900CB7A2E /* Peem CalculatorTests */ = {
			isa = PBXGroup;
			children = (
				99DE7E05244C61B900CB7A2E /* Peem_CalculatorTests.swift */,
				99DE7E07244C61B900CB7A2E /* Info.plist */,
			);
			path = "Peem CalculatorTests";
			sourceTree = "<group>";
		};
		99DE7E10244C61BE00CB7A2E /* New Group */ = {
			isa = PBXGroup;
			children = (
				99DE7DF4244C61B700CB7A2E /* Main.storyboard */,
			);
			path = "New Group";
			sourceTree = "<group>";
		};
/* End PBXGroup section */

/* Begin PBXNativeTarget section */
		99DE7DEA244C61B700CB7A2E /* Peem Calculator */ = {
			isa = PBXNativeTarget;
			buildConfigurationList = 99DE7E0A244C61B900CB7A2E /* Build configuration list for PBXNativeTarget "Peem Calculator" */;
			buildPhases = (
				99DE7DE7244C61B700CB7A2E /* Sources */,
				99DE7DE8244C61B700CB7A2E /* Frameworks */,
				99DE7DE9244C61B700CB7A2E /* Resources */,
			);
			buildRules = (
			);
			dependencies = (
			);
			name = "Peem Calculator";
			productName = "Peem Calculator";
			productReference = 99DE7DEB244C61B700CB7A2E /* Peem Calculator.app */;
			productType = "com.apple.product-type.application";
		};
		99DE7E00244C61B900CB7A2E /* Peem CalculatorTests */ = {
			isa = PBXNativeTarget;
			buildConfigurationList = 99DE7E0D244C61B900CB7A2E /* Build configuration list for PBXNativeTarget "Peem CalculatorTests" */;
			buildPhases = (
				99DE7DFD244C61B900CB7A2E /* Sources */,
				99DE7DFE244C61B900CB7A2E /* Frameworks */,
				99DE7DFF244C61B900CB7A2E /* Resources */,
			);
			buildRules = (
			);
			dependencies = (
				99DE7E03244C61B900CB7A2E /* PBXTargetDependency */,
			);
			name = "Peem CalculatorTests";
			productName = "Peem CalculatorTests";
			productReference = 99DE7E01244C61B900CB7A2E /* Peem CalculatorTests.xctest */;
			productType = "com.apple.product-type.bundle.unit-test";
		};
/* End PBXNativeTarget section */

/* Begin PBXProject section */
		99DE7DE3244C61B700CB7A2E /* Project object */ = {
			isa = PBXProject;
			attributes = {
				LastSwiftUpdateCheck = 1140;
				LastUpgradeCheck = 1140;
				ORGANIZATIONNAME = Peem;
				TargetAttributes = {
					99DE7DEA244C61B700CB7A2E = {
						CreatedOnToolsVersion = 11.4;
					};
					99DE7E00244C61B900CB7A2E = {
						CreatedOnToolsVersion = 11.4;
						TestTargetID = 99DE7DEA244C61B700CB7A2E;
					};
				};
			};
			buildConfigurationList = 99DE7DE6244C61B700CB7A2E /* Build configuration list for PBXProject "Peem Calculator" */;
			compatibilityVersion = "Xcode 9.3";
			developmentRegion = en;
			hasScannedForEncodings = 0;
			knownRegions = (
				en,
				Base,
			);
			mainGroup = 99DE7DE2244C61B700CB7A2E;
			productRefGroup = 99DE7DEC244C61B700CB7A2E /* Products */;
			projectDirPath = "";
			projectRoot = "";
			targets = (
				99DE7DEA244C61B700CB7A2E /* Peem Calculator */,
				99DE7E00244C61B900CB7A2E /* Peem CalculatorTests */,
			);
		};
/* End PBXProject section */

/* Begin PBXResourcesBuildPhase section */
		99DE7DE9244C61B700CB7A2E /* Resources */ = {
			isa = PBXResourcesBuildPhase;
			buildActionMask = 2147483647;
			files = (
				99DE7DFB244C61B900CB7A2E /* LaunchScreen.storyboard in Resources */,
				99DE7DF8244C61B900CB7A2E /* Assets.xcassets in Resources */,
				99DE7DF6244C61B700CB7A2E /* Main.storyboard in Resources */,
			);
			runOnlyForDeploymentPostprocessing = 0;
		};
		99DE7DFF244C61B900CB7A2E /* Resources */ = {
			isa = PBXResourcesBuildPhase;
			buildActionMask = 2147483647;
			files = (
			);
			runOnlyForDeploymentPostprocessing = 0;
		};
/* End PBXResourcesBuildPhase section */

/* Begin PBXSourcesBuildPhase section */
		99DE7DE7244C61B700CB7A2E /* Sources */ = {
			isa = PBXSourcesBuildPhase;
			buildActionMask = 2147483647;
			files = (
				99DE7DF3244C61B700CB7A2E /* ViewController.swift in Sources */,
				99DE7DEF244C61B700CB7A2E /* AppDelegate.swift in Sources */,
				99DE7DF1244C61B700CB7A2E /* SceneDelegate.swift in Sources */,
			);
			runOnlyForDeploymentPostprocessing = 0;
		};
		99DE7DFD244C61B900CB7A2E /* Sources */ = {
			isa = PBXSourcesBuildPhase;
			buildActionMask = 2147483647;
			files = (
				99DE7E06244C61B900CB7A2E /* Peem_CalculatorTests.swift in Sources */,
			);
			runOnlyForDeploymentPostprocessing = 0;
		};
/* End PBXSourcesBuildPhase section */

/* Begin PBXTargetDependency section */
		99DE7E03244C61B900CB7A2E /* PBXTargetDependency */ = {
			isa = PBXTargetDependency;
			target = 99DE7DEA244C61B700CB7A2E /* Peem Calculator */;
			targetProxy = 99DE7E02244C61B900CB7A2E /* PBXContainerItemProxy */;
		};
/* End PBXTargetDependency section */

/* Begin PBXVariantGroup section */
		99DE7DF4244C61B700CB7A2E /* Main.storyboard */ = {
			isa = PBXVariantGroup;
			children = (
				99DE7DF5244C61B700CB7A2E /* Base */,
			);
			name = Main.storyboard;
			sourceTree = "<group>";
		};
		99DE7DF9244C61B900CB7A2E /* LaunchScreen.storyboard */ = {
			isa = PBXVariantGroup;
			children = (
				99DE7DFA244C61B900CB7A2E /* Base */,
			);
			name = LaunchScreen.storyboard;
			sourceTree = "<group>";
		};
/* End PBXVariantGroup section */

/* Begin XCBuildConfiguration section */
		99DE7E08244C61B900CB7A2E /* Debug */ = {
			isa = XCBuildConfiguration;
			buildSettings = {
				ALWAYS_SEARCH_USER_PATHS = NO;
				CLANG_ANALYZER_NONNULL = YES;
				CLANG_ANALYZER_NUMBER_OBJECT_CONVERSION = YES_AGGRESSIVE;
				CLANG_CXX_LANGUAGE_STANDARD = "gnu++14";
				CLANG_CXX_LIBRARY = "libc++";
				CLANG_ENABLE_MODULES = YES;
				CLANG_ENABLE_OBJC_ARC = YES;
				CLANG_ENABLE_OBJC_WEAK = YES;
				CLANG_WARN_BLOCK_CAPTURE_AUTORELEASING = YES;
				CLANG_WARN_BOOL_CONVERSION = YES;
				CLANG_WARN_COMMA = YES;
				CLANG_WARN_CONSTANT_CONVERSION = YES;
				CLANG_WARN_DEPRECATED_OBJC_IMPLEMENTATIONS = YES;
				CLANG_WARN_DIRECT_OBJC_ISA_USAGE = YES_ERROR;
				CLANG_WARN_DOCUMENTATION_COMMENTS = YES;
				CLANG_WARN_EMPTY_BODY = YES;
				CLANG_WARN_ENUM_CONVERSION = YES;
				CLANG_WARN_INFINITE_RECURSION = YES;
				CLANG_WARN_INT_CONVERSION = YES;
				CLANG_WARN_NON_LITERAL_NULL_CONVERSION = YES;
				CLANG_WARN_OBJC_IMPLICIT_RETAIN_SELF = YES;
				CLANG_WARN_OBJC_LITERAL_CONVERSION = YES;
				CLANG_WARN_OBJC_ROOT_CLASS = YES_ERROR;
				CLANG_WARN_RANGE_LOOP_ANALYSIS = YES;
				CLANG_WARN_STRICT_PROTOTYPES = YES;
				CLANG_WARN_SUSPICIOUS_MOVE = YES;
				CLANG_WARN_UNGUARDED_AVAILABILITY = YES_AGGRESSIVE;
				CLANG_WARN_UNREACHABLE_CODE = YES;
				CLANG_WARN__DUPLICATE_METHOD_MATCH = YES;
				COPY_PHASE_STRIP = NO;
				DEBUG_INFORMATION_FORMAT = dwarf;
				ENABLE_STRICT_OBJC_MSGSEND = YES;
				ENABLE_TESTABILITY = YES;
				GCC_C_LANGUAGE_STANDARD = gnu11;
				GCC_DYNAMIC_NO_PIC = NO;
				GCC_NO_COMMON_BLOCKS = YES;
				GCC_OPTIMIZATION_LEVEL = 0;
				GCC_PREPROCESSOR_DEFINITIONS = (
					"DEBUG=1",
					"$(inherited)",
				);
				GCC_WARN_64_TO_32_BIT_CONVERSION = YES;
				GCC_WARN_ABOUT_RETURN_TYPE = YES_ERROR;
				GCC_WARN_UNDECLARED_SELECTOR = YES;
				GCC_WARN_UNINITIALIZED_AUTOS = YES_AGGRESSIVE;
				GCC_WARN_UNUSED_FUNCTION = YES;
				GCC_WARN_UNUSED_VARIABLE = YES;
				IPHONEOS_DEPLOYMENT_TARGET = 13.4;
				MTL_ENABLE_DEBUG_INFO = INCLUDE_SOURCE;
				MTL_FAST_MATH = YES;
				ONLY_ACTIVE_ARCH = YES;
				SDKROOT = iphoneos;
				SWIFT_ACTIVE_COMPILATION_CONDITIONS = DEBUG;
				SWIFT_OPTIMIZATION_LEVEL = "-Onone";
			};
			name = Debug;
		};
		99DE7E09244C61B900CB7A2E /* Release */ = {
			isa = XCBuildConfiguration;
			buildSettings = {
				ALWAYS_SEARCH_USER_PATHS = NO;
				CLANG_ANALYZER_NONNULL = YES;
				CLANG_ANALYZER_NUMBER_OBJECT_CONVERSION = YES_AGGRESSIVE;
				CLANG_CXX_LANGUAGE_STANDARD = "gnu++14";
				CLANG_CXX_LIBRARY = "libc++";
				CLANG_ENABLE_MODULES = YES;
				CLANG_ENABLE_OBJC_ARC = YES;
				CLANG_ENABLE_OBJC_WEAK = YES;
				CLANG_WARN_BLOCK_CAPTURE_AUTORELEASING = YES;
				CLANG_WARN_BOOL_CONVERSION = YES;
				CLANG_WARN_COMMA = YES;
				CLANG_WARN_CONSTANT_CONVERSION = YES;
				CLANG_WARN_DEPRECATED_OBJC_IMPLEMENTATIONS = YES;
				CLANG_WARN_DIRECT_OBJC_ISA_USAGE = YES_ERROR;
				CLANG_WARN_DOCUMENTATION_COMMENTS = YES;
				CLANG_WARN_EMPTY_BODY = YES;
				CLANG_WARN_ENUM_CONVERSION = YES;
				CLANG_WARN_INFINITE_RECURSION = YES;
				CLANG_WARN_INT_CONVERSION = YES;
				CLANG_WARN_NON_LITERAL_NULL_CONVERSION = YES;
				CLANG_WARN_OBJC_IMPLICIT_RETAIN_SELF = YES;
				CLANG_WARN_OBJC_LITERAL_CONVERSION = YES;
				CLANG_WARN_OBJC_ROOT_CLASS = YES_ERROR;
				CLANG_WARN_RANGE_LOOP_ANALYSIS = YES;
				CLANG_WARN_STRICT_PROTOTYPES = YES;
				CLANG_WARN_SUSPICIOUS_MOVE = YES;
				CLANG_WARN_UNGUARDED_AVAILABILITY = YES_AGGRESSIVE;
				CLANG_WARN_UNREACHABLE_CODE = YES;
				CLANG_WARN__DUPLICATE_METHOD_MATCH = YES;
				COPY_PHASE_STRIP = NO;
				DEBUG_INFORMATION_FORMAT = "dwarf-with-dsym";
				ENABLE_NS_ASSERTIONS = NO;
				ENABLE_STRICT_OBJC_MSGSEND = YES;
				GCC_C_LANGUAGE_STANDARD = gnu11;
				GCC_NO_COMMON_BLOCKS = YES;
				GCC_WARN_64_TO_32_BIT_CONVERSION = YES;
				GCC_WARN_ABOUT_RETURN_TYPE = YES_ERROR;
				GCC_WARN_UNDECLARED_SELECTOR = YES;
				GCC_WARN_UNINITIALIZED_AUTOS = YES_AGGRESSIVE;
				GCC_WARN_UNUSED_FUNCTION = YES;
				GCC_WARN_UNUSED_VARIABLE = YES;
				IPHONEOS_DEPLOYMENT_TARGET = 13.4;
				MTL_ENABLE_DEBUG_INFO = NO;
				MTL_FAST_MATH = YES;
				SDKROOT = iphoneos;
				SWIFT_COMPILATION_MODE = wholemodule;
				SWIFT_OPTIMIZATION_LEVEL = "-O";
				VALIDATE_PRODUCT = YES;
			};
			name = Release;
		};
		99DE7E0B244C61B900CB7A2E /* Debug */ = {
			isa = XCBuildConfiguration;
			buildSettings = {
				ASSETCATALOG_COMPILER_APPICON_NAME = AppIcon;
				CODE_SIGN_STYLE = Automatic;
				DEVELOPMENT_TEAM = 94NVY3DZP9;
				INFOPLIST_FILE = "Peem Calculator/Info.plist";
				LD_RUNPATH_SEARCH_PATHS = (
					"$(inherited)",
					"@executable_path/Frameworks",
				);
				PRODUCT_BUNDLE_IDENTIFIER = "Peem.Peem-Calculator";
				PRODUCT_NAME = "$(TARGET_NAME)";
				SWIFT_VERSION = 5.0;
				TARGETED_DEVICE_FAMILY = "1,2";
			};
			name = Debug;
		};
		99DE7E0C244C61B900CB7A2E /* Release */ = {
			isa = XCBuildConfiguration;
			buildSettings = {
				ASSETCATALOG_COMPILER_APPICON_NAME = AppIcon;
				CODE_SIGN_STYLE = Automatic;
				DEVELOPMENT_TEAM = 94NVY3DZP9;
				INFOPLIST_FILE = "Peem Calculator/Info.plist";
				LD_RUNPATH_SEARCH_PATHS = (
					"$(inherited)",
					"@executable_path/Frameworks",
				);
				PRODUCT_BUNDLE_IDENTIFIER = "Peem.Peem-Calculator";
				PRODUCT_NAME = "$(TARGET_NAME)";
				SWIFT_VERSION = 5.0;
				TARGETED_DEVICE_FAMILY = "1,2";
			};
			name = Release;
		};
		99DE7E0E244C61B900CB7A2E /* Debug */ = {
			isa = XCBuildConfiguration;
			buildSettings = {
				ALWAYS_EMBED_SWIFT_STANDARD_LIBRARIES = YES;
				BUNDLE_LOADER = "$(TEST_HOST)";
				CODE_SIGN_STYLE = Automatic;
				DEVELOPMENT_TEAM = 94NVY3DZP9;
				INFOPLIST_FILE = "Peem CalculatorTests/Info.plist";
				IPHONEOS_DEPLOYMENT_TARGET = 13.4;
				LD_RUNPATH_SEARCH_PATHS = (
					"$(inherited)",
					"@executable_path/Frameworks",
					"@loader_path/Frameworks",
				);
				PRODUCT_BUNDLE_IDENTIFIER = "Peem.Peem-CalculatorTests";
				PRODUCT_NAME = "$(TARGET_NAME)";
				SWIFT_VERSION = 5.0;
				TARGETED_DEVICE_FAMILY = "1,2";
				TEST_HOST = "$(BUILT_PRODUCTS_DIR)/Peem Calculator.app/Peem Calculator";
			};
			name = Debug;
		};
		99DE7E0F244C61B900CB7A2E /* Release */ = {
			isa = XCBuildConfiguration;
			buildSettings = {
				ALWAYS_EMBED_SWIFT_STANDARD_LIBRARIES = YES;
				BUNDLE_LOADER = "$(TEST_HOST)";
				CODE_SIGN_STYLE = Automatic;
				DEVELOPMENT_TEAM = 94NVY3DZP9;
				INFOPLIST_FILE = "Peem CalculatorTests/Info.plist";
				IPHONEOS_DEPLOYMENT_TARGET = 13.4;
				LD_RUNPATH_SEARCH_PATHS = (
					"$(inherited)",
					"@executable_path/Frameworks",
					"@loader_path/Frameworks",
				);
				PRODUCT_BUNDLE_IDENTIFIER = "Peem.Peem-CalculatorTests";
				PRODUCT_NAME = "$(TARGET_NAME)";
				SWIFT_VERSION = 5.0;
				TARGETED_DEVICE_FAMILY = "1,2";
				TEST_HOST = "$(BUILT_PRODUCTS_DIR)/Peem Calculator.app/Peem Calculator";
			};
			name = Release;
		};
/* End XCBuildConfiguration section */

/* Begin XCConfigurationList section */
		99DE7DE6244C61B700CB7A2E /* Build configuration list for PBXProject "Peem Calculator" */ = {
			isa = XCConfigurationList;
			buildConfigurations = (
				99DE7E08244C61B900CB7A2E /* Debug */,
				99DE7E09244C61B900CB7A2E /* Release */,
			);
			defaultConfigurationIsVisible = 0;
			defaultConfigurationName = Release;
		};
		99DE7E0A244C61B900CB7A2E /* Build configuration list for PBXNativeTarget "Peem Calculator" */ = {
			isa = XCConfigurationList;
			buildConfigurations = (
				99DE7E0B244C61B900CB7A2E /* Debug */,
				99DE7E0C244C61B900CB7A2E /* Release */,
			);
			defaultConfigurationIsVisible = 0;
			defaultConfigurationName = Release;
		};
		99DE7E0D244C61B900CB7A2E /* Build configuration list for PBXNativeTarget "Peem CalculatorTests" */ = {
			isa = XCConfigurationList;
			buildConfigurations = (
				99DE7E0E244C61B900CB7A2E /* Debug */,
				99DE7E0F244C61B900CB7A2E /* Release */,
			);
			defaultConfigurationIsVisible = 0;
			defaultConfigurationName = Release;
		};
/* End XCConfigurationList section */
	};
	rootObject = 99DE7DE3244C61B700CB7A2E /* Project object */;
}
